# generated by rye
# use `rye lock` or `rye sync` to update this lockfile
#
# last locked with the following flags:
#   pre: false
#   features: []
#   all-features: false
#   with-sources: false
#   generate-hashes: false

-e file:.
certifi==2024.6.2
    # via jageocoder
    # via requests
cffi==1.16.0
    # via cryptography
charset-normalizer==3.3.2
    # via requests
cryptography==42.0.7
    # via jageocoder
deprecated==1.2.14
    # via jageocoder
docopt==0.6.2
    # via jageocoder
    # via portabletab
geographiclib==2.0
    # via jageocoder
idna==3.7
    # via jageocoder
    # via requests
jaconv==0.3.4
    # via jageocoder
jageocoder==2.1.6.post1
    # via app
marisa-trie==1.1.1
    # via jageocoder
    # via portabletab
portabletab==0.3.5
    # via jageocoder
pycapnp==2.0.0
    # via jageocoder
    # via portabletab
pycparser==2.22
    # via cffi
requests==2.32.3
    # via jageocoder
rtree==1.2.0
    # via jageocoder
setuptools==70.0.0
    # via marisa-trie
tqdm==4.66.4
    # via jageocoder
urllib3==2.2.1
    # via jageocoder
    # via requests
wrapt==1.16.0
    # via deprecated
